
Microsoft Visual Studio Solution File, Format Version 12.00
# Visual Studio Version 17
VisualStudioVersion = 17.0.32112.339
MinimumVisualStudioVersion = 10.0.40219.1
Project("{9A19103F-16F7-4668-BE54-9A1E7A4F7556}") = "MyFinances.WebApi", "MyFinances.WebApi\MyFinances.WebApi.csproj", "{E9656CA0-AD7D-42ED-883D-8DA9B6B60C10}"
EndProject
Global
	GlobalSection(SolutionConfigurationPlatforms) = preSolution
		Debug|Any CPU = Debug|Any CPU
		Release|Any CPU = Release|Any CPU
	EndGlobalSection
	GlobalSection(ProjectConfigurationPlatforms) = postSolution
		{E9656CA0-AD7D-42ED-883D-8DA9B6B60C10}.Debug|Any CPU.ActiveCfg = Debug|Any CPU
		{E9656CA0-AD7D-42ED-883D-8DA9B6B60C10}.Debug|Any CPU.Build.0 = Debug|Any CPU
		{E9656CA0-AD7D-42ED-883D-8DA9B6B60C10}.Release|Any CPU.ActiveCfg = Release|Any CPU
		{E9656CA0-AD7D-42ED-883D-8DA9B6B60C10}.Release|Any CPU.Build.0 = Release|Any CPU
	EndGlobalSection
	GlobalSection(SolutionProperties) = preSolution
		HideSolutionNode = FALSE
	EndGlobalSection
	GlobalSection(ExtensibilityGlobals) = postSolution
		SolutionGuid = {14A3CC48-4100-46E8-8679-14480F52C960}
	EndGlobalSection
EndGlobal
